
Microsoft Visual Studio Solution File, Format Version 12.00
# Visual Studio 15
VisualStudioVersion = 15.0.28307.1022
MinimumVisualStudioVersion = 10.0.40219.1
Project("{8BC9CEB8-8B4A-11D0-8D11-00A0C91BC942}") = "問題　3-5", "問題　3-5\問題　3-5.vcxproj", "{C3B2EA04-A620-42C4-B6B7-524165CF47A3}"
EndProject
Global
	GlobalSection(SolutionConfigurationPlatforms) = preSolution
		Debug|x64 = Debug|x64
		Debug|x86 = Debug|x86
		Release|x64 = Release|x64
		Release|x86 = Release|x86
	EndGlobalSection
	GlobalSection(ProjectConfigurationPlatforms) = postSolution
		{C3B2EA04-A620-42C4-B6B7-524165CF47A3}.Debug|x64.ActiveCfg = Debug|x64
		{C3B2EA04-A620-42C4-B6B7-524165CF47A3}.Debug|x64.Build.0 = Debug|x64
		{C3B2EA04-A620-42C4-B6B7-524165CF47A3}.Debug|x86.ActiveCfg = Debug|Win32
		{C3B2EA04-A620-42C4-B6B7-524165CF47A3}.Debug|x86.Build.0 = Debug|Win32
		{C3B2EA04-A620-42C4-B6B7-524165CF47A3}.Release|x64.ActiveCfg = Release|x64
		{C3B2EA04-A620-42C4-B6B7-524165CF47A3}.Release|x64.Build.0 = Release|x64
		{C3B2EA04-A620-42C4-B6B7-524165CF47A3}.Release|x86.ActiveCfg = Release|Win32
		{C3B2EA04-A620-42C4-B6B7-524165CF47A3}.Release|x86.Build.0 = Release|Win32
	EndGlobalSection
	GlobalSection(SolutionProperties) = preSolution
		HideSolutionNode = FALSE
	EndGlobalSection
	GlobalSection(ExtensibilityGlobals) = postSolution
		SolutionGuid = {6EF9D75D-2067-482D-91F6-0F3EAE1D0302}
	EndGlobalSection
EndGlobal
